PODS:
  - Cartography (0.5.0)
  - JTHamburgerButton (1.0.5)
  - pop (1.0.7)
  - Reveal-iOS-SDK (1.6.1)
  - TZStackView (1.1.2)

DEPENDENCIES:
  - Cartography (from `https://github.com/robb/Cartography.git`, branch `swift-2.0`)
  - JTHamburgerButton (~> 1.0)
  - pop
  - Reveal-iOS-SDK
  - TZStackView

EXTERNAL SOURCES:
  Cartography:
    :branch: swift-2.0
    :git: https://github.com/robb/Cartography.git

CHECKOUT OPTIONS:
  Cartography:
    :commit: 36eeb22dbf7db7eff066389e9dc19e47a7266071
    :git: https://github.com/robb/Cartography.git

SPEC CHECKSUMS:
  Cartography: 774e5cc446f5a6bca5d4345c5aa6af9a1fe74dc6
  JTHamburgerButton: 9a41c7d051c72590a9d2c18416d84d1b912f12e3
  pop: 628ffc631644601567ee8bfaaaea493ebd7d0923
  Reveal-iOS-SDK: ceae964076cebe3efe63e5e9abe3152efce46aa8
  TZStackView: 19aeaa414fb653f4be9b80a73f4f0c66e33bf033

COCOAPODS: 0.39.0
